
Microsoft Visual Studio Solution File, Format Version 12.00
# Visual Studio 15
VisualStudioVersion = 15.0.28307.136
MinimumVisualStudioVersion = 10.0.40219.1
Project("{FAE04EC0-301F-11D3-BF4B-00C04F79EFBC}") = "TestParallelInsert", "TestParallelInsert\TestParallelInsert.csproj", "{7F664185-3BE5-416B-B24C-870D57903898}"
EndProject
Global
	GlobalSection(SolutionConfigurationPlatforms) = preSolution
		Debug|Any CPU = Debug|Any CPU
		Release|Any CPU = Release|Any CPU
	EndGlobalSection
	GlobalSection(ProjectConfigurationPlatforms) = postSolution
		{7F664185-3BE5-416B-B24C-870D57903898}.Debug|Any CPU.ActiveCfg = Debug|Any CPU
		{7F664185-3BE5-416B-B24C-870D57903898}.Debug|Any CPU.Build.0 = Debug|Any CPU
		{7F664185-3BE5-416B-B24C-870D57903898}.Release|Any CPU.ActiveCfg = Release|Any CPU
		{7F664185-3BE5-416B-B24C-870D57903898}.Release|Any CPU.Build.0 = Release|Any CPU
	EndGlobalSection
	GlobalSection(SolutionProperties) = preSolution
		HideSolutionNode = FALSE
	EndGlobalSection
	GlobalSection(ExtensibilityGlobals) = postSolution
		SolutionGuid = {DEC9753C-6430-4C43-BA2A-81E49AC26335}
	EndGlobalSection
EndGlobal
